// !$*UTF8*$!
{
	archiveVersion = 1;
	classes = {
	};
	objectVersion = 50;
	objects = {

/* Begin PBXBuildFile section */
		4886AC0B25680166004F6535 /* LoginViewController.swift in Sources */ = {isa = PBXBuildFile; fileRef = 4886AC0A25680166004F6535 /* LoginViewController.swift */; };
		4886AC0E25680184004F6535 /* RegisterViewController.swift in Sources */ = {isa = PBXBuildFile; fileRef = 4886AC0D25680184004F6535 /* RegisterViewController.swift */; };
		4886AC11256801AD004F6535 /* PhotoViewerViewController.swift in Sources */ = {isa = PBXBuildFile; fileRef = 4886AC10256801AD004F6535 /* PhotoViewerViewController.swift */; };
		4886AC14256801C9004F6535 /* VideoPlayerViewController.swift in Sources */ = {isa = PBXBuildFile; fileRef = 4886AC13256801C9004F6535 /* VideoPlayerViewController.swift */; };
		4886AC17256801F8004F6535 /* NewConversationViewController.swift in Sources */ = {isa = PBXBuildFile; fileRef = 4886AC16256801F8004F6535 /* NewConversationViewController.swift */; };
		4886AC1A2568020F004F6535 /* ProfileViewController.swift in Sources */ = {isa = PBXBuildFile; fileRef = 4886AC192568020F004F6535 /* ProfileViewController.swift */; };
		48EFD1972567F99800D2B9B5 /* AppDelegate.swift in Sources */ = {isa = PBXBuildFile; fileRef = 48EFD1962567F99800D2B9B5 /* AppDelegate.swift */; };
		48EFD1992567F99800D2B9B5 /* SceneDelegate.swift in Sources */ = {isa = PBXBuildFile; fileRef = 48EFD1982567F99800D2B9B5 /* SceneDelegate.swift */; };
		48EFD19B2567F99800D2B9B5 /* ConversationsViewController.swift in Sources */ = {isa = PBXBuildFile; fileRef = 48EFD19A2567F99800D2B9B5 /* ConversationsViewController.swift */; };
		48EFD19E2567F99800D2B9B5 /* Main.storyboard in Resources */ = {isa = PBXBuildFile; fileRef = 48EFD19C2567F99800D2B9B5 /* Main.storyboard */; };
		48EFD1A02567F99900D2B9B5 /* Assets.xcassets in Resources */ = {isa = PBXBuildFile; fileRef = 48EFD19F2567F99900D2B9B5 /* Assets.xcassets */; };
		48EFD1A32567F99900D2B9B5 /* LaunchScreen.storyboard in Resources */ = {isa = PBXBuildFile; fileRef = 48EFD1A12567F99900D2B9B5 /* LaunchScreen.storyboard */; };
/* End PBXBuildFile section */

/* Begin PBXFileReference section */
		4886AC0A25680166004F6535 /* LoginViewController.swift */ = {isa = PBXFileReference; lastKnownFileType = sourcecode.swift; path = LoginViewController.swift; sourceTree = "<group>"; };
		4886AC0D25680184004F6535 /* RegisterViewController.swift */ = {isa = PBXFileReference; lastKnownFileType = sourcecode.swift; path = RegisterViewController.swift; sourceTree = "<group>"; };
		4886AC10256801AD004F6535 /* PhotoViewerViewController.swift */ = {isa = PBXFileReference; lastKnownFileType = sourcecode.swift; path = PhotoViewerViewController.swift; sourceTree = "<group>"; };
		4886AC13256801C9004F6535 /* VideoPlayerViewController.swift */ = {isa = PBXFileReference; lastKnownFileType = sourcecode.swift; path = VideoPlayerViewController.swift; sourceTree = "<group>"; };
		4886AC16256801F8004F6535 /* NewConversationViewController.swift */ = {isa = PBXFileReference; lastKnownFileType = sourcecode.swift; path = NewConversationViewController.swift; sourceTree = "<group>"; };
		4886AC192568020F004F6535 /* ProfileViewController.swift */ = {isa = PBXFileReference; lastKnownFileType = sourcecode.swift; path = ProfileViewController.swift; sourceTree = "<group>"; };
		48EFD1932567F99800D2B9B5 /* Messenger.app */ = {isa = PBXFileReference; explicitFileType = wrapper.application; includeInIndex = 0; path = Messenger.app; sourceTree = BUILT_PRODUCTS_DIR; };
		48EFD1962567F99800D2B9B5 /* AppDelegate.swift */ = {isa = PBXFileReference; lastKnownFileType = sourcecode.swift; path = AppDelegate.swift; sourceTree = "<group>"; };
		48EFD1982567F99800D2B9B5 /* SceneDelegate.swift */ = {isa = PBXFileReference; lastKnownFileType = sourcecode.swift; path = SceneDelegate.swift; sourceTree = "<group>"; };
		48EFD19A2567F99800D2B9B5 /* ConversationsViewController.swift */ = {isa = PBXFileReference; lastKnownFileType = sourcecode.swift; path = ConversationsViewController.swift; sourceTree = "<group>"; };
		48EFD19D2567F99800D2B9B5 /* Base */ = {isa = PBXFileReference; lastKnownFileType = file.storyboard; name = Base; path = Base.lproj/Main.storyboard; sourceTree = "<group>"; };
		48EFD19F2567F99900D2B9B5 /* Assets.xcassets */ = {isa = PBXFileReference; lastKnownFileType = folder.assetcatalog; path = Assets.xcassets; sourceTree = "<group>"; };
		48EFD1A22567F99900D2B9B5 /* Base */ = {isa = PBXFileReference; lastKnownFileType = file.storyboard; name = Base; path = Base.lproj/LaunchScreen.storyboard; sourceTree = "<group>"; };
		48EFD1A42567F99900D2B9B5 /* Info.plist */ = {isa = PBXFileReference; lastKnownFileType = text.plist.xml; path = Info.plist; sourceTree = "<group>"; };
/* End PBXFileReference section */

/* Begin PBXFrameworksBuildPhase section */
		48EFD1902567F99800D2B9B5 /* Frameworks */ = {
			isa = PBXFrameworksBuildPhase;
			buildActionMask = 2147483647;
			files = (
			);
			runOnlyForDeploymentPostprocessing = 0;
		};
/* End PBXFrameworksBuildPhase section */

/* Begin PBXGroup section */
		4886AC012567FF6D004F6535 /* Controllers */ = {
			isa = PBXGroup;
			children = (
				48EFD19A2567F99800D2B9B5 /* ConversationsViewController.swift */,
				4886AC1C256804DD004F6535 /* Login */,
				4886AC10256801AD004F6535 /* PhotoViewerViewController.swift */,
				4886AC13256801C9004F6535 /* VideoPlayerViewController.swift */,
				4886AC16256801F8004F6535 /* NewConversationViewController.swift */,
				4886AC192568020F004F6535 /* ProfileViewController.swift */,
			);
			path = Controllers;
			sourceTree = "<group>";
		};
		4886AC022567FF74004F6535 /* Views */ = {
			isa = PBXGroup;
			children = (
				4886AC072567FFC2004F6535 /* Storyboards */,
				48EFD19F2567F99900D2B9B5 /* Assets.xcassets */,
			);
			path = Views;
			sourceTree = "<group>";
		};
		4886AC032567FF79004F6535 /* Models */ = {
			isa = PBXGroup;
			children = (
			);
			path = Models;
			sourceTree = "<group>";
		};
		4886AC042567FF81004F6535 /* ViewModels */ = {
			isa = PBXGroup;
			children = (
			);
			path = ViewModels;
			sourceTree = "<group>";
		};
		4886AC052567FF97004F6535 /* Resources */ = {
			isa = PBXGroup;
			children = (
				48EFD1962567F99800D2B9B5 /* AppDelegate.swift */,
				48EFD1982567F99800D2B9B5 /* SceneDelegate.swift */,
			);
			path = Resources;
			sourceTree = "<group>";
		};
		4886AC072567FFC2004F6535 /* Storyboards */ = {
			isa = PBXGroup;
			children = (
				48EFD19C2567F99800D2B9B5 /* Main.storyboard */,
				48EFD1A12567F99900D2B9B5 /* LaunchScreen.storyboard */,
			);
			path = Storyboards;
			sourceTree = "<group>";
		};
		4886AC1C256804DD004F6535 /* Login */ = {
			isa = PBXGroup;
			children = (
				4886AC0A25680166004F6535 /* LoginViewController.swift */,
				4886AC0D25680184004F6535 /* RegisterViewController.swift */,
			);
			path = Login;
			sourceTree = "<group>";
		};
		48EFD18A2567F99800D2B9B5 = {
			isa = PBXGroup;
			children = (
				48EFD1952567F99800D2B9B5 /* Messenger */,
				48EFD1942567F99800D2B9B5 /* Products */,
			);
			sourceTree = "<group>";
		};
		48EFD1942567F99800D2B9B5 /* Products */ = {
			isa = PBXGroup;
			children = (
				48EFD1932567F99800D2B9B5 /* Messenger.app */,
			);
			name = Products;
			sourceTree = "<group>";
		};
		48EFD1952567F99800D2B9B5 /* Messenger */ = {
			isa = PBXGroup;
			children = (
				4886AC052567FF97004F6535 /* Resources */,
				4886AC042567FF81004F6535 /* ViewModels */,
				4886AC032567FF79004F6535 /* Models */,
				4886AC022567FF74004F6535 /* Views */,
				4886AC012567FF6D004F6535 /* Controllers */,
				48EFD1A42567F99900D2B9B5 /* Info.plist */,
			);
			path = Messenger;
			sourceTree = "<group>";
		};
/* End PBXGroup section */

/* Begin PBXNativeTarget section */
		48EFD1922567F99800D2B9B5 /* Messenger */ = {
			isa = PBXNativeTarget;
			buildConfigurationList = 48EFD1A72567F99900D2B9B5 /* Build configuration list for PBXNativeTarget "Messenger" */;
			buildPhases = (
				48EFD18F2567F99800D2B9B5 /* Sources */,
				48EFD1902567F99800D2B9B5 /* Frameworks */,
				48EFD1912567F99800D2B9B5 /* Resources */,
			);
			buildRules = (
			);
			dependencies = (
			);
			name = Messenger;
			productName = Messenger;
			productReference = 48EFD1932567F99800D2B9B5 /* Messenger.app */;
			productType = "com.apple.product-type.application";
		};
/* End PBXNativeTarget section */

/* Begin PBXProject section */
		48EFD18B2567F99800D2B9B5 /* Project object */ = {
			isa = PBXProject;
			attributes = {
				LastSwiftUpdateCheck = 1220;
				LastUpgradeCheck = 1220;
				TargetAttributes = {
					48EFD1922567F99800D2B9B5 = {
						CreatedOnToolsVersion = 12.2;
					};
				};
			};
			buildConfigurationList = 48EFD18E2567F99800D2B9B5 /* Build configuration list for PBXProject "Messenger" */;
			compatibilityVersion = "Xcode 9.3";
			developmentRegion = en;
			hasScannedForEncodings = 0;
			knownRegions = (
				en,
				Base,
			);
			mainGroup = 48EFD18A2567F99800D2B9B5;
			productRefGroup = 48EFD1942567F99800D2B9B5 /* Products */;
			projectDirPath = "";
			projectRoot = "";
			targets = (
				48EFD1922567F99800D2B9B5 /* Messenger */,
			);
		};
/* End PBXProject section */

/* Begin PBXResourcesBuildPhase section */
		48EFD1912567F99800D2B9B5 /* Resources */ = {
			isa = PBXResourcesBuildPhase;
			buildActionMask = 2147483647;
			files = (
				48EFD1A32567F99900D2B9B5 /* LaunchScreen.storyboard in Resources */,
				48EFD1A02567F99900D2B9B5 /* Assets.xcassets in Resources */,
				48EFD19E2567F99800D2B9B5 /* Main.storyboard in Resources */,
			);
			runOnlyForDeploymentPostprocessing = 0;
		};
/* End PBXResourcesBuildPhase section */

/* Begin PBXSourcesBuildPhase section */
		48EFD18F2567F99800D2B9B5 /* Sources */ = {
			isa = PBXSourcesBuildPhase;
			buildActionMask = 2147483647;
			files = (
				4886AC0B25680166004F6535 /* LoginViewController.swift in Sources */,
				4886AC0E25680184004F6535 /* RegisterViewController.swift in Sources */,
				4886AC17256801F8004F6535 /* NewConversationViewController.swift in Sources */,
				48EFD19B2567F99800D2B9B5 /* ConversationsViewController.swift in Sources */,
				4886AC14256801C9004F6535 /* VideoPlayerViewController.swift in Sources */,
				48EFD1972567F99800D2B9B5 /* AppDelegate.swift in Sources */,
				4886AC1A2568020F004F6535 /* ProfileViewController.swift in Sources */,
				48EFD1992567F99800D2B9B5 /* SceneDelegate.swift in Sources */,
				4886AC11256801AD004F6535 /* PhotoViewerViewController.swift in Sources */,
			);
			runOnlyForDeploymentPostprocessing = 0;
		};
/* End PBXSourcesBuildPhase section */

/* Begin PBXVariantGroup section */
		48EFD19C2567F99800D2B9B5 /* Main.storyboard */ = {
			isa = PBXVariantGroup;
			children = (
				48EFD19D2567F99800D2B9B5 /* Base */,
			);
			name = Main.storyboard;
			sourceTree = "<group>";
		};
		48EFD1A12567F99900D2B9B5 /* LaunchScreen.storyboard */ = {
			isa = PBXVariantGroup;
			children = (
				48EFD1A22567F99900D2B9B5 /* Base */,
			);
			name = LaunchScreen.storyboard;
			sourceTree = "<group>";
		};
/* End PBXVariantGroup section */

/* Begin XCBuildConfiguration section */
		48EFD1A52567F99900D2B9B5 /* Debug */ = {
			isa = XCBuildConfiguration;
			buildSettings = {
				ALWAYS_SEARCH_USER_PATHS = NO;
				CLANG_ANALYZER_NONNULL = YES;
				CLANG_ANALYZER_NUMBER_OBJECT_CONVERSION = YES_AGGRESSIVE;
				CLANG_CXX_LANGUAGE_STANDARD = "gnu++14";
				CLANG_CXX_LIBRARY = "libc++";
				CLANG_ENABLE_MODULES = YES;
				CLANG_ENABLE_OBJC_ARC = YES;
				CLANG_ENABLE_OBJC_WEAK = YES;
				CLANG_WARN_BLOCK_CAPTURE_AUTORELEASING = YES;
				CLANG_WARN_BOOL_CONVERSION = YES;
				CLANG_WARN_COMMA = YES;
				CLANG_WARN_CONSTANT_CONVERSION = YES;
				CLANG_WARN_DEPRECATED_OBJC_IMPLEMENTATIONS = YES;
				CLANG_WARN_DIRECT_OBJC_ISA_USAGE = YES_ERROR;
				CLANG_WARN_DOCUMENTATION_COMMENTS = YES;
				CLANG_WARN_EMPTY_BODY = YES;
				CLANG_WARN_ENUM_CONVERSION = YES;
				CLANG_WARN_INFINITE_RECURSION = YES;
				CLANG_WARN_INT_CONVERSION = YES;
				CLANG_WARN_NON_LITERAL_NULL_CONVERSION = YES;
				CLANG_WARN_OBJC_IMPLICIT_RETAIN_SELF = YES;
				CLANG_WARN_OBJC_LITERAL_CONVERSION = YES;
				CLANG_WARN_OBJC_ROOT_CLASS = YES_ERROR;
				CLANG_WARN_QUOTED_INCLUDE_IN_FRAMEWORK_HEADER = YES;
				CLANG_WARN_RANGE_LOOP_ANALYSIS = YES;
				CLANG_WARN_STRICT_PROTOTYPES = YES;
				CLANG_WARN_SUSPICIOUS_MOVE = YES;
				CLANG_WARN_UNGUARDED_AVAILABILITY = YES_AGGRESSIVE;
				CLANG_WARN_UNREACHABLE_CODE = YES;
				CLANG_WARN__DUPLICATE_METHOD_MATCH = YES;
				COPY_PHASE_STRIP = NO;
				DEBUG_INFORMATION_FORMAT = dwarf;
				ENABLE_STRICT_OBJC_MSGSEND = YES;
				ENABLE_TESTABILITY = YES;
				GCC_C_LANGUAGE_STANDARD = gnu11;
				GCC_DYNAMIC_NO_PIC = NO;
				GCC_NO_COMMON_BLOCKS = YES;
				GCC_OPTIMIZATION_LEVEL = 0;
				GCC_PREPROCESSOR_DEFINITIONS = (
					"DEBUG=1",
					"$(inherited)",
				);
				GCC_WARN_64_TO_32_BIT_CONVERSION = YES;
				GCC_WARN_ABOUT_RETURN_TYPE = YES_ERROR;
				GCC_WARN_UNDECLARED_SELECTOR = YES;
				GCC_WARN_UNINITIALIZED_AUTOS = YES_AGGRESSIVE;
				GCC_WARN_UNUSED_FUNCTION = YES;
				GCC_WARN_UNUSED_VARIABLE = YES;
				IPHONEOS_DEPLOYMENT_TARGET = 14.2;
				MTL_ENABLE_DEBUG_INFO = INCLUDE_SOURCE;
				MTL_FAST_MATH = YES;
				ONLY_ACTIVE_ARCH = YES;
				SDKROOT = iphoneos;
				SWIFT_ACTIVE_COMPILATION_CONDITIONS = DEBUG;
				SWIFT_OPTIMIZATION_LEVEL = "-Onone";
			};
			name = Debug;
		};
		48EFD1A62567F99900D2B9B5 /* Release */ = {
			isa = XCBuildConfiguration;
			buildSettings = {
				ALWAYS_SEARCH_USER_PATHS = NO;
				CLANG_ANALYZER_NONNULL = YES;
				CLANG_ANALYZER_NUMBER_OBJECT_CONVERSION = YES_AGGRESSIVE;
				CLANG_CXX_LANGUAGE_STANDARD = "gnu++14";
				CLANG_CXX_LIBRARY = "libc++";
				CLANG_ENABLE_MODULES = YES;
				CLANG_ENABLE_OBJC_ARC = YES;
				CLANG_ENABLE_OBJC_WEAK = YES;
				CLANG_WARN_BLOCK_CAPTURE_AUTORELEASING = YES;
				CLANG_WARN_BOOL_CONVERSION = YES;
				CLANG_WARN_COMMA = YES;
				CLANG_WARN_CONSTANT_CONVERSION = YES;
				CLANG_WARN_DEPRECATED_OBJC_IMPLEMENTATIONS = YES;
				CLANG_WARN_DIRECT_OBJC_ISA_USAGE = YES_ERROR;
				CLANG_WARN_DOCUMENTATION_COMMENTS = YES;
				CLANG_WARN_EMPTY_BODY = YES;
				CLANG_WARN_ENUM_CONVERSION = YES;
				CLANG_WARN_INFINITE_RECURSION = YES;
				CLANG_WARN_INT_CONVERSION = YES;
				CLANG_WARN_NON_LITERAL_NULL_CONVERSION = YES;
				CLANG_WARN_OBJC_IMPLICIT_RETAIN_SELF = YES;
				CLANG_WARN_OBJC_LITERAL_CONVERSION = YES;
				CLANG_WARN_OBJC_ROOT_CLASS = YES_ERROR;
				CLANG_WARN_QUOTED_INCLUDE_IN_FRAMEWORK_HEADER = YES;
				CLANG_WARN_RANGE_LOOP_ANALYSIS = YES;
				CLANG_WARN_STRICT_PROTOTYPES = YES;
				CLANG_WARN_SUSPICIOUS_MOVE = YES;
				CLANG_WARN_UNGUARDED_AVAILABILITY = YES_AGGRESSIVE;
				CLANG_WARN_UNREACHABLE_CODE = YES;
				CLANG_WARN__DUPLICATE_METHOD_MATCH = YES;
				COPY_PHASE_STRIP = NO;
				DEBUG_INFORMATION_FORMAT = "dwarf-with-dsym";
				ENABLE_NS_ASSERTIONS = NO;
				ENABLE_STRICT_OBJC_MSGSEND = YES;
				GCC_C_LANGUAGE_STANDARD = gnu11;
				GCC_NO_COMMON_BLOCKS = YES;
				GCC_WARN_64_TO_32_BIT_CONVERSION = YES;
				GCC_WARN_ABOUT_RETURN_TYPE = YES_ERROR;
				GCC_WARN_UNDECLARED_SELECTOR = YES;
				GCC_WARN_UNINITIALIZED_AUTOS = YES_AGGRESSIVE;
				GCC_WARN_UNUSED_FUNCTION = YES;
				GCC_WARN_UNUSED_VARIABLE = YES;
				IPHONEOS_DEPLOYMENT_TARGET = 14.2;
				MTL_ENABLE_DEBUG_INFO = NO;
				MTL_FAST_MATH = YES;
				SDKROOT = iphoneos;
				SWIFT_COMPILATION_MODE = wholemodule;
				SWIFT_OPTIMIZATION_LEVEL = "-O";
				VALIDATE_PRODUCT = YES;
			};
			name = Release;
		};
		48EFD1A82567F99900D2B9B5 /* Debug */ = {
			isa = XCBuildConfiguration;
			buildSettings = {
				ASSETCATALOG_COMPILER_APPICON_NAME = AppIcon;
				ASSETCATALOG_COMPILER_GLOBAL_ACCENT_COLOR_NAME = AccentColor;
				CODE_SIGN_STYLE = Automatic;
				DEVELOPMENT_TEAM = DLN427AJ4B;
				INFOPLIST_FILE = Messenger/Info.plist;
				IPHONEOS_DEPLOYMENT_TARGET = 14.2;
				LD_RUNPATH_SEARCH_PATHS = (
					"$(inherited)",
					"@executable_path/Frameworks",
				);
				PRODUCT_BUNDLE_IDENTIFIER = com.mato.Messenger;
				PRODUCT_NAME = "$(TARGET_NAME)";
				SWIFT_VERSION = 5.0;
				TARGETED_DEVICE_FAMILY = "1,2";
			};
			name = Debug;
		};
		48EFD1A92567F99900D2B9B5 /* Release */ = {
			isa = XCBuildConfiguration;
			buildSettings = {
				ASSETCATALOG_COMPILER_APPICON_NAME = AppIcon;
				ASSETCATALOG_COMPILER_GLOBAL_ACCENT_COLOR_NAME = AccentColor;
				CODE_SIGN_STYLE = Automatic;
				DEVELOPMENT_TEAM = DLN427AJ4B;
				INFOPLIST_FILE = Messenger/Info.plist;
				IPHONEOS_DEPLOYMENT_TARGET = 14.2;
				LD_RUNPATH_SEARCH_PATHS = (
					"$(inherited)",
					"@executable_path/Frameworks",
				);
				PRODUCT_BUNDLE_IDENTIFIER = com.mato.Messenger;
				PRODUCT_NAME = "$(TARGET_NAME)";
				SWIFT_VERSION = 5.0;
				TARGETED_DEVICE_FAMILY = "1,2";
			};
			name = Release;
		};
/* End XCBuildConfiguration section */

/* Begin XCConfigurationList section */
		48EFD18E2567F99800D2B9B5 /* Build configuration list for PBXProject "Messenger" */ = {
			isa = XCConfigurationList;
			buildConfigurations = (
				48EFD1A52567F99900D2B9B5 /* Debug */,
				48EFD1A62567F99900D2B9B5 /* Release */,
			);
			defaultConfigurationIsVisible = 0;
			defaultConfigurationName = Release;
		};
		48EFD1A72567F99900D2B9B5 /* Build configuration list for PBXNativeTarget "Messenger" */ = {
			isa = XCConfigurationList;
			buildConfigurations = (
				48EFD1A82567F99900D2B9B5 /* Debug */,
				48EFD1A92567F99900D2B9B5 /* Release */,
			);
			defaultConfigurationIsVisible = 0;
			defaultConfigurationName = Release;
		};
/* End XCConfigurationList section */
	};
	rootObject = 48EFD18B2567F99800D2B9B5 /* Project object */;
}
